
Microsoft Visual Studio Solution File, Format Version 12.00
# Visual Studio Version 17
VisualStudioVersion = 17.10.34814.14
MinimumVisualStudioVersion = 10.0.40219.1
Project("{FAE04EC0-301F-11D3-BF4B-00C04F79EFBC}") = "Frenchex.Dev.Microsoft.Solution.Domain", "Frenchex.Dev.Microsoft.Solution.Domain\Frenchex.Dev.Microsoft.Solution.Domain.csproj", "{145CC442-A9D1-4CC1-8678-67135066E711}"
EndProject
Project("{FAE04EC0-301F-11D3-BF4B-00C04F79EFBC}") = "Frenchex.Dev.Microsoft.Solution.Domain.Tests", "Frenchex.Dev.Microsoft.Solution.Domain.Tests\Frenchex.Dev.Microsoft.Solution.Domain.Tests.csproj", "{78E54289-728A-4CB2-B884-B6B86938187F}"
EndProject
Global
	GlobalSection(SolutionConfigurationPlatforms) = preSolution
		Debug|Any CPU = Debug|Any CPU
		Release|Any CPU = Release|Any CPU
	EndGlobalSection
	GlobalSection(ProjectConfigurationPlatforms) = postSolution
		{145CC442-A9D1-4CC1-8678-67135066E711}.Debug|Any CPU.ActiveCfg = Debug|Any CPU
		{145CC442-A9D1-4CC1-8678-67135066E711}.Debug|Any CPU.Build.0 = Debug|Any CPU
		{145CC442-A9D1-4CC1-8678-67135066E711}.Release|Any CPU.ActiveCfg = Release|Any CPU
		{145CC442-A9D1-4CC1-8678-67135066E711}.Release|Any CPU.Build.0 = Release|Any CPU
		{78E54289-728A-4CB2-B884-B6B86938187F}.Debug|Any CPU.ActiveCfg = Debug|Any CPU
		{78E54289-728A-4CB2-B884-B6B86938187F}.Debug|Any CPU.Build.0 = Debug|Any CPU
		{78E54289-728A-4CB2-B884-B6B86938187F}.Release|Any CPU.ActiveCfg = Release|Any CPU
		{78E54289-728A-4CB2-B884-B6B86938187F}.Release|Any CPU.Build.0 = Release|Any CPU
	EndGlobalSection
	GlobalSection(SolutionProperties) = preSolution
		HideSolutionNode = FALSE
	EndGlobalSection
	GlobalSection(ExtensibilityGlobals) = postSolution
		SolutionGuid = {3C23A55A-AF97-404C-9668-C78D83B78B8C}
	EndGlobalSection
EndGlobal
